
Microsoft Visual Studio Solution File, Format Version 12.00
# Visual Studio 15
Project("{FAE04EC0-301F-11D3-BF4B-00C04F79EFBC}") = "MonkeyFestAR", "MonkeyFestAR\MonkeyFestAR.csproj", "{25727201-D27A-49E4-8C23-717E9F710FDB}"
EndProject
Global
	GlobalSection(SolutionConfigurationPlatforms) = preSolution
		Debug|iPhoneSimulator = Debug|iPhoneSimulator
		Release|iPhone = Release|iPhone
		Release|iPhoneSimulator = Release|iPhoneSimulator
		Debug|iPhone = Debug|iPhone
	EndGlobalSection
	GlobalSection(ProjectConfigurationPlatforms) = postSolution
		{25727201-D27A-49E4-8C23-717E9F710FDB}.Debug|iPhoneSimulator.ActiveCfg = Debug|iPhoneSimulator
		{25727201-D27A-49E4-8C23-717E9F710FDB}.Debug|iPhoneSimulator.Build.0 = Debug|iPhoneSimulator
		{25727201-D27A-49E4-8C23-717E9F710FDB}.Release|iPhone.ActiveCfg = Release|iPhone
		{25727201-D27A-49E4-8C23-717E9F710FDB}.Release|iPhone.Build.0 = Release|iPhone
		{25727201-D27A-49E4-8C23-717E9F710FDB}.Release|iPhoneSimulator.ActiveCfg = Release|iPhoneSimulator
		{25727201-D27A-49E4-8C23-717E9F710FDB}.Release|iPhoneSimulator.Build.0 = Release|iPhoneSimulator
		{25727201-D27A-49E4-8C23-717E9F710FDB}.Debug|iPhone.ActiveCfg = Debug|iPhone
		{25727201-D27A-49E4-8C23-717E9F710FDB}.Debug|iPhone.Build.0 = Debug|iPhone
	EndGlobalSection
EndGlobal
